
Microsoft Visual Studio Solution File, Format Version 12.00
# Visual Studio Version 17
VisualStudioVersion = 17.1.32414.318
MinimumVisualStudioVersion = 10.0.40219.1
Project("{FAE04EC0-301F-11D3-BF4B-00C04F79EFBC}") = "EKart", "EKart.csproj", "{D009C993-8AE0-4D3B-8C2E-C385B5B86908}"
EndProject
Global
	GlobalSection(SolutionConfigurationPlatforms) = preSolution
		Debug|Any CPU = Debug|Any CPU
		Release|Any CPU = Release|Any CPU
	EndGlobalSection
	GlobalSection(ProjectConfigurationPlatforms) = postSolution
		{D009C993-8AE0-4D3B-8C2E-C385B5B86908}.Debug|Any CPU.ActiveCfg = Debug|Any CPU
		{D009C993-8AE0-4D3B-8C2E-C385B5B86908}.Debug|Any CPU.Build.0 = Debug|Any CPU
		{D009C993-8AE0-4D3B-8C2E-C385B5B86908}.Release|Any CPU.ActiveCfg = Release|Any CPU
		{D009C993-8AE0-4D3B-8C2E-C385B5B86908}.Release|Any CPU.Build.0 = Release|Any CPU
	EndGlobalSection
	GlobalSection(SolutionProperties) = preSolution
		HideSolutionNode = FALSE
	EndGlobalSection
	GlobalSection(ExtensibilityGlobals) = postSolution
		SolutionGuid = {3DEF9893-7CE1-40A0-9D7E-AD9BB1CFD6E8}
	EndGlobalSection
EndGlobal
